
Microsoft Visual Studio Solution File, Format Version 12.00
# Visual Studio Version 17
VisualStudioVersion = 17.11.35312.102
MinimumVisualStudioVersion = 10.0.40219.1
Project("{FAE04EC0-301F-11D3-BF4B-00C04F79EFBC}") = "Calculator", "Calculator\Calculator.csproj", "{3E25645D-1C5C-4066-B36D-E022EE4B30D1}"
EndProject
Project("{FAE04EC0-301F-11D3-BF4B-00C04F79EFBC}") = "CalculatorLibrary", "CalculatorLibrary\CalculatorLibrary.csproj", "{9864AFFA-6EE7-4C78-8709-1671C7793152}"
EndProject
Global
	GlobalSection(SolutionConfigurationPlatforms) = preSolution
		Debug|Any CPU = Debug|Any CPU
		Release|Any CPU = Release|Any CPU
	EndGlobalSection
	GlobalSection(ProjectConfigurationPlatforms) = postSolution
		{3E25645D-1C5C-4066-B36D-E022EE4B30D1}.Debug|Any CPU.ActiveCfg = Debug|Any CPU
		{3E25645D-1C5C-4066-B36D-E022EE4B30D1}.Debug|Any CPU.Build.0 = Debug|Any CPU
		{3E25645D-1C5C-4066-B36D-E022EE4B30D1}.Release|Any CPU.ActiveCfg = Release|Any CPU
		{3E25645D-1C5C-4066-B36D-E022EE4B30D1}.Release|Any CPU.Build.0 = Release|Any CPU
		{9864AFFA-6EE7-4C78-8709-1671C7793152}.Debug|Any CPU.ActiveCfg = Debug|Any CPU
		{9864AFFA-6EE7-4C78-8709-1671C7793152}.Debug|Any CPU.Build.0 = Debug|Any CPU
		{9864AFFA-6EE7-4C78-8709-1671C7793152}.Release|Any CPU.ActiveCfg = Release|Any CPU
		{9864AFFA-6EE7-4C78-8709-1671C7793152}.Release|Any CPU.Build.0 = Release|Any CPU
	EndGlobalSection
	GlobalSection(SolutionProperties) = preSolution
		HideSolutionNode = FALSE
	EndGlobalSection
	GlobalSection(ExtensibilityGlobals) = postSolution
		SolutionGuid = {0E036B85-2817-40DE-A649-3B080386DDD0}
	EndGlobalSection
EndGlobal
